# @generated by Move, please check-in and do not edit manually.

[move]
version = 3
manifest_digest = "1B7540373A0CC5429279F0D2DB63242C6157DDBB61932DEEFA48D43E3DD4673A"
deps_digest = "F9B494B64F0615AED0E98FC12A85B85ECD2BC5185C22D30E7F67786BB52E507C"
dependencies = [
  { id = "Bridge", name = "Bridge" },
  { id = "MoveStdlib", name = "MoveStdlib" },
  { id = "Sui", name = "Sui" },
  { id = "SuiSystem", name = "SuiSystem" },
]

[[move.package]]
id = "Bridge"
source = { git = "https://github.com/MystenLabs/sui.git", rev = "f63c9fc78e2171fa174dc43e757ded416c204558", subdir = "crates/sui-framework/packages/bridge" }

dependencies = [
  { id = "MoveStdlib", name = "MoveStdlib" },
  { id = "Sui", name = "Sui" },
  { id = "SuiSystem", name = "SuiSystem" },
]

[[move.package]]
id = "MoveStdlib"
source = { git = "https://github.com/MystenLabs/sui.git", rev = "f63c9fc78e2171fa174dc43e757ded416c204558", subdir = "crates/sui-framework/packages/move-stdlib" }

[[move.package]]
id = "Sui"
source = { git = "https://github.com/MystenLabs/sui.git", rev = "f63c9fc78e2171fa174dc43e757ded416c204558", subdir = "crates/sui-framework/packages/sui-framework" }

dependencies = [
  { id = "MoveStdlib", name = "MoveStdlib" },
]

[[move.package]]
id = "SuiSystem"
source = { git = "https://github.com/MystenLabs/sui.git", rev = "f63c9fc78e2171fa174dc43e757ded416c204558", subdir = "crates/sui-framework/packages/sui-system" }

dependencies = [
  { id = "MoveStdlib", name = "MoveStdlib" },
  { id = "Sui", name = "Sui" },
]

[move.toolchain-version]
compiler-version = "1.62.0"
edition = "2024.beta"
flavor = "sui"

[env]

[env.local]
chain-id = "881cd14c"
original-published-id = "0x49a7159f6199d9ae4c4da894f7c8d599777d511db7ad51b61caf1d4eae26a1a5"
latest-published-id = "0x49a7159f6199d9ae4c4da894f7c8d599777d511db7ad51b61caf1d4eae26a1a5"
published-version = "1"

[env.devnet]
chain-id = "a2c63a99"
original-published-id = "0x31c30508017e0b99ce8b9ad9484a2c523afa5270cfa127751e0bfb5817f3bbb2"
latest-published-id = "0x31c30508017e0b99ce8b9ad9484a2c523afa5270cfa127751e0bfb5817f3bbb2"
published-version = "1"

[env.testnet]
chain-id = "4c78adac"
original-published-id = "0x00b040d66d97b9c4c02bfd89074e0d02f57c96aae73a5cf838bb3aba2352e239"
latest-published-id = "0x00b040d66d97b9c4c02bfd89074e0d02f57c96aae73a5cf838bb3aba2352e239"
published-version = "1"

[env.mainnet]
chain-id = "35834a8a"
original-published-id = "0xb40c31c9227c35f5d9010f94404a46d44233e8249402b06b0779f8cc8b1aec1b"
latest-published-id = "0xb40c31c9227c35f5d9010f94404a46d44233e8249402b06b0779f8cc8b1aec1b"
published-version = "1"
