# @generated by Move, please check-in and do not edit manually.

[move]
version = 3
manifest_digest = "1B7540373A0CC5429279F0D2DB63242C6157DDBB61932DEEFA48D43E3DD4673A"
deps_digest = "F9B494B64F0615AED0E98FC12A85B85ECD2BC5185C22D30E7F67786BB52E507C"
dependencies = [
  { id = "Bridge", name = "Bridge" },
  { id = "MoveStdlib", name = "MoveStdlib" },
  { id = "Sui", name = "Sui" },
  { id = "SuiSystem", name = "SuiSystem" },
]

[[move.package]]
id = "Bridge"
source = { git = "https://github.com/MystenLabs/sui.git", rev = "f63c9fc78e2171fa174dc43e757ded416c204558", subdir = "crates/sui-framework/packages/bridge" }

dependencies = [
  { id = "MoveStdlib", name = "MoveStdlib" },
  { id = "Sui", name = "Sui" },
  { id = "SuiSystem", name = "SuiSystem" },
]

[[move.package]]
id = "MoveStdlib"
source = { git = "https://github.com/MystenLabs/sui.git", rev = "f63c9fc78e2171fa174dc43e757ded416c204558", subdir = "crates/sui-framework/packages/move-stdlib" }

[[move.package]]
id = "Sui"
source = { git = "https://github.com/MystenLabs/sui.git", rev = "f63c9fc78e2171fa174dc43e757ded416c204558", subdir = "crates/sui-framework/packages/sui-framework" }

dependencies = [
  { id = "MoveStdlib", name = "MoveStdlib" },
]

[[move.package]]
id = "SuiSystem"
source = { git = "https://github.com/MystenLabs/sui.git", rev = "f63c9fc78e2171fa174dc43e757ded416c204558", subdir = "crates/sui-framework/packages/sui-system" }

dependencies = [
  { id = "MoveStdlib", name = "MoveStdlib" },
  { id = "Sui", name = "Sui" },
]

[move.toolchain-version]
compiler-version = "1.62.0"
edition = "2024.beta"
flavor = "sui"

[env]

[env.local]
chain-id = "ec5e9f7b"
original-published-id = "0xeaaf99f2216b7d1e2c8a90b69b14f2cba6cb7fcb99531fe384c61f2a7cb6682d"
latest-published-id = "0xeaaf99f2216b7d1e2c8a90b69b14f2cba6cb7fcb99531fe384c61f2a7cb6682d"
published-version = "1"

[env.devnet]
chain-id = "01d7a1c8"
original-published-id = "0x7a6dd50b1bd0a7102b2bcd9e7dc698186ec344f6a967631be920b86e3c2aa6d8"
latest-published-id = "0x7a6dd50b1bd0a7102b2bcd9e7dc698186ec344f6a967631be920b86e3c2aa6d8"
published-version = "1"

[env.testnet]
chain-id = "4c78adac"
original-published-id = "0xf262542ca9fb36e2ccc6daeb1c7e909f6e64e7e9bf0ad52af5eb2a3994ea99bf"
latest-published-id = "0xf262542ca9fb36e2ccc6daeb1c7e909f6e64e7e9bf0ad52af5eb2a3994ea99bf"
published-version = "1"

[env.mainnet]
chain-id = "35834a8a"
original-published-id = "0xb40c31c9227c35f5d9010f94404a46d44233e8249402b06b0779f8cc8b1aec1b"
latest-published-id = "0xb40c31c9227c35f5d9010f94404a46d44233e8249402b06b0779f8cc8b1aec1b"
published-version = "1"
