# @generated by Move, please check-in and do not edit manually.

[move]
version = 3
manifest_digest = "E53B5CDCBDA8FB6CA73C5FF114D7BAC1D437BC99A5C619997F019C49C1E23AC6"
deps_digest = "F9B494B64F0615AED0E98FC12A85B85ECD2BC5185C22D30E7F67786BB52E507C"
dependencies = [
  { id = "Bridge", name = "Bridge" },
  { id = "MoveStdlib", name = "MoveStdlib" },
  { id = "Sui", name = "Sui" },
  { id = "SuiSystem", name = "SuiSystem" },
]

[[move.package]]
id = "Bridge"
source = { git = "https://github.com/MystenLabs/sui.git", rev = "664b05b3b047c5bb03979d093660176176ea6175", subdir = "crates/sui-framework/packages/bridge" }

dependencies = [
  { id = "MoveStdlib", name = "MoveStdlib" },
  { id = "Sui", name = "Sui" },
  { id = "SuiSystem", name = "SuiSystem" },
]

[[move.package]]
id = "MoveStdlib"
source = { git = "https://github.com/MystenLabs/sui.git", rev = "664b05b3b047c5bb03979d093660176176ea6175", subdir = "crates/sui-framework/packages/move-stdlib" }

[[move.package]]
id = "Sui"
source = { git = "https://github.com/MystenLabs/sui.git", rev = "664b05b3b047c5bb03979d093660176176ea6175", subdir = "crates/sui-framework/packages/sui-framework" }

dependencies = [
  { id = "MoveStdlib", name = "MoveStdlib" },
]

[[move.package]]
id = "SuiSystem"
source = { git = "https://github.com/MystenLabs/sui.git", rev = "664b05b3b047c5bb03979d093660176176ea6175", subdir = "crates/sui-framework/packages/sui-system" }

dependencies = [
  { id = "MoveStdlib", name = "MoveStdlib" },
  { id = "Sui", name = "Sui" },
]

[move.toolchain-version]
compiler-version = "1.57.2"
edition = "2024.beta"
flavor = "sui"

[env]

[env.local]
chain-id = "c0e5dc96"
original-published-id = "0xf88e67197ba0a8f875e9f4493d4e256d90c83ae444f007b0d3feed09572ed507"
latest-published-id = "0xf88e67197ba0a8f875e9f4493d4e256d90c83ae444f007b0d3feed09572ed507"
published-version = "1"

[env.devnet]
chain-id = "e726a3a8"
original-published-id = "0x1b460bb7007f7188d677173fd0de401a41939495cd61831e9e16ac4ab303bb4f"
latest-published-id = "0x1b460bb7007f7188d677173fd0de401a41939495cd61831e9e16ac4ab303bb4f"
published-version = "1"

[env.testnet]
chain-id = "4c78adac"
original-published-id = "0xf262542ca9fb36e2ccc6daeb1c7e909f6e64e7e9bf0ad52af5eb2a3994ea99bf"
latest-published-id = "0xf262542ca9fb36e2ccc6daeb1c7e909f6e64e7e9bf0ad52af5eb2a3994ea99bf"
published-version = "1"
